# This file is generated by running "yarn install" inside your project.
# Manual changes might be lost - proceed with caution!

__metadata:
  version: 8
  cacheKey: 10c0

"@emnapi/runtime@npm:^1.4.3":
  version: 1.4.3
  resolution: "@emnapi/runtime@npm:1.4.3"
  dependencies:
    tslib: "npm:^2.4.0"
  checksum: 10c0/3b7ab72d21cb4e034f07df80165265f85f445ef3f581d1bc87b67e5239428baa00200b68a7d5e37a0425c3a78320b541b07f76c5530f6f6f95336a6294ebf30b
  languageName: node
  linkType: hard

"@img/sharp-darwin-arm64@npm:0.34.2":
  version: 0.34.2
  resolution: "@img/sharp-darwin-arm64@npm:0.34.2"
  dependencies:
    "@img/sharp-libvips-darwin-arm64": "npm:1.1.0"
  dependenciesMeta:
    "@img/sharp-libvips-darwin-arm64":
      optional: true
  conditions: os=darwin & cpu=arm64
  languageName: node
  linkType: hard

"@img/sharp-darwin-x64@npm:0.34.2":
  version: 0.34.2
  resolution: "@img/sharp-darwin-x64@npm:0.34.2"
  dependencies:
    "@img/sharp-libvips-darwin-x64": "npm:1.1.0"
  dependenciesMeta:
    "@img/sharp-libvips-darwin-x64":
      optional: true
  conditions: os=darwin & cpu=x64
  languageName: node
  linkType: hard

"@img/sharp-libvips-darwin-arm64@npm:1.1.0":
  version: 1.1.0
  resolution: "@img/sharp-libvips-darwin-arm64@npm:1.1.0"
  conditions: os=darwin & cpu=arm64
  languageName: node
  linkType: hard

"@img/sharp-libvips-darwin-x64@npm:1.1.0":
  version: 1.1.0
  resolution: "@img/sharp-libvips-darwin-x64@npm:1.1.0"
  conditions: os=darwin & cpu=x64
  languageName: node
  linkType: hard

"@img/sharp-libvips-linux-arm64@npm:1.1.0":
  version: 1.1.0
  resolution: "@img/sharp-libvips-linux-arm64@npm:1.1.0"
  conditions: os=linux & cpu=arm64 & libc=glibc
  languageName: node
  linkType: hard

"@img/sharp-libvips-linux-arm@npm:1.1.0":
  version: 1.1.0
  resolution: "@img/sharp-libvips-linux-arm@npm:1.1.0"
  conditions: os=linux & cpu=arm & libc=glibc
  languageName: node
  linkType: hard

"@img/sharp-libvips-linux-ppc64@npm:1.1.0":
  version: 1.1.0
  resolution: "@img/sharp-libvips-linux-ppc64@npm:1.1.0"
  conditions: os=linux & cpu=ppc64 & libc=glibc
  languageName: node
  linkType: hard

"@img/sharp-libvips-linux-s390x@npm:1.1.0":
  version: 1.1.0
  resolution: "@img/sharp-libvips-linux-s390x@npm:1.1.0"
  conditions: os=linux & cpu=s390x & libc=glibc
  languageName: node
  linkType: hard

"@img/sharp-libvips-linux-x64@npm:1.1.0":
  version: 1.1.0
  resolution: "@img/sharp-libvips-linux-x64@npm:1.1.0"
  conditions: os=linux & cpu=x64 & libc=glibc
  languageName: node
  linkType: hard

"@img/sharp-libvips-linuxmusl-arm64@npm:1.1.0":
  version: 1.1.0
  resolution: "@img/sharp-libvips-linuxmusl-arm64@npm:1.1.0"
  conditions: os=linux & cpu=arm64 & libc=musl
  languageName: node
  linkType: hard

"@img/sharp-libvips-linuxmusl-x64@npm:1.1.0":
  version: 1.1.0
  resolution: "@img/sharp-libvips-linuxmusl-x64@npm:1.1.0"
  conditions: os=linux & cpu=x64 & libc=musl
  languageName: node
  linkType: hard

"@img/sharp-linux-arm64@npm:0.34.2":
  version: 0.34.2
  resolution: "@img/sharp-linux-arm64@npm:0.34.2"
  dependencies:
    "@img/sharp-libvips-linux-arm64": "npm:1.1.0"
  dependenciesMeta:
    "@img/sharp-libvips-linux-arm64":
      optional: true
  conditions: os=linux & cpu=arm64 & libc=glibc
  languageName: node
  linkType: hard

"@img/sharp-linux-arm@npm:0.34.2":
  version: 0.34.2
  resolution: "@img/sharp-linux-arm@npm:0.34.2"
  dependencies:
    "@img/sharp-libvips-linux-arm": "npm:1.1.0"
  dependenciesMeta:
    "@img/sharp-libvips-linux-arm":
      optional: true
  conditions: os=linux & cpu=arm & libc=glibc
  languageName: node
  linkType: hard

"@img/sharp-linux-s390x@npm:0.34.2":
  version: 0.34.2
  resolution: "@img/sharp-linux-s390x@npm:0.34.2"
  dependencies:
    "@img/sharp-libvips-linux-s390x": "npm:1.1.0"
  dependenciesMeta:
    "@img/sharp-libvips-linux-s390x":
      optional: true
  conditions: os=linux & cpu=s390x & libc=glibc
  languageName: node
  linkType: hard

"@img/sharp-linux-x64@npm:0.34.2":
  version: 0.34.2
  resolution: "@img/sharp-linux-x64@npm:0.34.2"
  dependencies:
    "@img/sharp-libvips-linux-x64": "npm:1.1.0"
  dependenciesMeta:
    "@img/sharp-libvips-linux-x64":
      optional: true
  conditions: os=linux & cpu=x64 & libc=glibc
  languageName: node
  linkType: hard

"@img/sharp-linuxmusl-arm64@npm:0.34.2":
  version: 0.34.2
  resolution: "@img/sharp-linuxmusl-arm64@npm:0.34.2"
  dependencies:
    "@img/sharp-libvips-linuxmusl-arm64": "npm:1.1.0"
  dependenciesMeta:
    "@img/sharp-libvips-linuxmusl-arm64":
      optional: true
  conditions: os=linux & cpu=arm64 & libc=musl
  languageName: node
  linkType: hard

"@img/sharp-linuxmusl-x64@npm:0.34.2":
  version: 0.34.2
  resolution: "@img/sharp-linuxmusl-x64@npm:0.34.2"
  dependencies:
    "@img/sharp-libvips-linuxmusl-x64": "npm:1.1.0"
  dependenciesMeta:
    "@img/sharp-libvips-linuxmusl-x64":
      optional: true
  conditions: os=linux & cpu=x64 & libc=musl
  languageName: node
  linkType: hard

"@img/sharp-wasm32@npm:0.34.2":
  version: 0.34.2
  resolution: "@img/sharp-wasm32@npm:0.34.2"
  dependencies:
    "@emnapi/runtime": "npm:^1.4.3"
  conditions: cpu=wasm32
  languageName: node
  linkType: hard

"@img/sharp-win32-arm64@npm:0.34.2":
  version: 0.34.2
  resolution: "@img/sharp-win32-arm64@npm:0.34.2"
  conditions: os=win32 & cpu=arm64
  languageName: node
  linkType: hard

"@img/sharp-win32-ia32@npm:0.34.2":
  version: 0.34.2
  resolution: "@img/sharp-win32-ia32@npm:0.34.2"
  conditions: os=win32 & cpu=ia32
  languageName: node
  linkType: hard

"@img/sharp-win32-x64@npm:0.34.2":
  version: 0.34.2
  resolution: "@img/sharp-win32-x64@npm:0.34.2"
  conditions: os=win32 & cpu=x64
  languageName: node
  linkType: hard

"@types/body-parser@npm:*":
  version: 1.19.5
  resolution: "@types/body-parser@npm:1.19.5"
  dependencies:
    "@types/connect": "npm:*"
    "@types/node": "npm:*"
  checksum: 10c0/aebeb200f25e8818d8cf39cd0209026750d77c9b85381cdd8deeb50913e4d18a1ebe4b74ca9b0b4d21952511eeaba5e9fbbf739b52731a2061e206ec60d568df
  languageName: node
  linkType: hard

"@types/connect@npm:*":
  version: 3.4.38
  resolution: "@types/connect@npm:3.4.38"
  dependencies:
    "@types/node": "npm:*"
  checksum: 10c0/2e1cdba2c410f25649e77856505cd60223250fa12dff7a503e492208dbfdd25f62859918f28aba95315251fd1f5e1ffbfca1e25e73037189ab85dd3f8d0a148c
  languageName: node
  linkType: hard

"@types/express-serve-static-core@npm:^5.0.0":
  version: 5.0.6
  resolution: "@types/express-serve-static-core@npm:5.0.6"
  dependencies:
    "@types/node": "npm:*"
    "@types/qs": "npm:*"
    "@types/range-parser": "npm:*"
    "@types/send": "npm:*"
  checksum: 10c0/aced8cc88c1718adbbd1fc488756b0f22d763368d9eff2ae21b350698fab4a77d8d13c3699056dc662a887e43a8b67a3e8f6289ff76102ecc6bad4a7710d31a6
  languageName: node
  linkType: hard

"@types/express@npm:*":
  version: 5.0.2
  resolution: "@types/express@npm:5.0.2"
  dependencies:
    "@types/body-parser": "npm:*"
    "@types/express-serve-static-core": "npm:^5.0.0"
    "@types/serve-static": "npm:*"
  checksum: 10c0/300575201753e0f0e0a3fa113b60f58a78d88a237639a44fdb2834e48350f9d1bf017c2dd6c6411c0e89e470a813535e4dda7b753438b362260a25b91c79f582
  languageName: node
  linkType: hard

"@types/http-errors@npm:*":
  version: 2.0.4
  resolution: "@types/http-errors@npm:2.0.4"
  checksum: 10c0/494670a57ad4062fee6c575047ad5782506dd35a6b9ed3894cea65830a94367bd84ba302eb3dde331871f6d70ca287bfedb1b2cf658e6132cd2cbd427ab56836
  languageName: node
  linkType: hard

"@types/mime@npm:^1":
  version: 1.3.5
  resolution: "@types/mime@npm:1.3.5"
  checksum: 10c0/c2ee31cd9b993804df33a694d5aa3fa536511a49f2e06eeab0b484fef59b4483777dbb9e42a4198a0809ffbf698081fdbca1e5c2218b82b91603dfab10a10fbc
  languageName: node
  linkType: hard

"@types/node-sprite-generator@npm:^0.10.5":
  version: 0.10.5
  resolution: "@types/node-sprite-generator@npm:0.10.5"
  dependencies:
    "@types/express": "npm:*"
  checksum: 10c0/d431e4545053b3c2f06e0c36bedd1eced8e9d7c71b37a748588f2f9c13b3bd18e8464f875994c71f379c7d90c893114a66382ce2de5df091bc4f73bb4fe5739c
  languageName: node
  linkType: hard

"@types/node@npm:*":
  version: 22.15.29
  resolution: "@types/node@npm:22.15.29"
  dependencies:
    undici-types: "npm:~6.21.0"
  checksum: 10c0/602cc88c6150780cd9b5b44604754e0ce13983ae876a538861d6ecfb1511dff289e5576fffd26c841cde2142418d4bb76e2a72a382b81c04557ccb17cff29e1d
  languageName: node
  linkType: hard

"@types/qs@npm:*":
  version: 6.14.0
  resolution: "@types/qs@npm:6.14.0"
  checksum: 10c0/5b3036df6e507483869cdb3858201b2e0b64b4793dc4974f188caa5b5732f2333ab9db45c08157975054d3b070788b35088b4bc60257ae263885016ee2131310
  languageName: node
  linkType: hard

"@types/range-parser@npm:*":
  version: 1.2.7
  resolution: "@types/range-parser@npm:1.2.7"
  checksum: 10c0/361bb3e964ec5133fa40644a0b942279ed5df1949f21321d77de79f48b728d39253e5ce0408c9c17e4e0fd95ca7899da36841686393b9f7a1e209916e9381a3c
  languageName: node
  linkType: hard

"@types/send@npm:*":
  version: 0.17.4
  resolution: "@types/send@npm:0.17.4"
  dependencies:
    "@types/mime": "npm:^1"
    "@types/node": "npm:*"
  checksum: 10c0/7f17fa696cb83be0a104b04b424fdedc7eaba1c9a34b06027239aba513b398a0e2b7279778af521f516a397ced417c96960e5f50fcfce40c4bc4509fb1a5883c
  languageName: node
  linkType: hard

"@types/serve-static@npm:*":
  version: 1.15.7
  resolution: "@types/serve-static@npm:1.15.7"
  dependencies:
    "@types/http-errors": "npm:*"
    "@types/node": "npm:*"
    "@types/send": "npm:*"
  checksum: 10c0/26ec864d3a626ea627f8b09c122b623499d2221bbf2f470127f4c9ebfe92bd8a6bb5157001372d4c4bd0dd37a1691620217d9dc4df5aa8f779f3fd996b1c60ae
  languageName: node
  linkType: hard

"ajv@npm:^6.12.3":
  version: 6.12.6
  resolution: "ajv@npm:6.12.6"
  dependencies:
    fast-deep-equal: "npm:^3.1.1"
    fast-json-stable-stringify: "npm:^2.0.0"
    json-schema-traverse: "npm:^0.4.1"
    uri-js: "npm:^4.2.2"
  checksum: 10c0/41e23642cbe545889245b9d2a45854ebba51cda6c778ebced9649420d9205f2efb39cb43dbc41e358409223b1ea43303ae4839db682c848b891e4811da1a5a71
  languageName: node
  linkType: hard

"array-parallel@npm:~0.1.3":
  version: 0.1.3
  resolution: "array-parallel@npm:0.1.3"
  checksum: 10c0/a1a60fba2cf1a4658466ff9cb92b9c3d6418203ed952b90bc7feaccd1c973248af6be3cdbe75a348eb343ec723f699d3b00dcc3af217a8a0d02f7b4ed19a887d
  languageName: node
  linkType: hard

"array-series@npm:~0.1.5":
  version: 0.1.5
  resolution: "array-series@npm:0.1.5"
  checksum: 10c0/f1a86c72bed259a99f2a5d7db9b3370a47a70b9f7640969b78daaacd10d7e32a574e39e97171ea910a0b117735797500a9b73cff26aac9336ae748cb35950fc6
  languageName: node
  linkType: hard

"asn1@npm:~0.2.3":
  version: 0.2.6
  resolution: "asn1@npm:0.2.6"
  dependencies:
    safer-buffer: "npm:~2.1.0"
  checksum: 10c0/00c8a06c37e548762306bcb1488388d2f76c74c36f70c803f0c081a01d3bdf26090fc088cd812afc5e56a6d49e33765d451a5f8a68ab9c2b087eba65d2e980e0
  languageName: node
  linkType: hard

"assert-plus@npm:1.0.0, assert-plus@npm:^1.0.0":
  version: 1.0.0
  resolution: "assert-plus@npm:1.0.0"
  checksum: 10c0/b194b9d50c3a8f872ee85ab110784911e696a4d49f7ee6fc5fb63216dedbefd2c55999c70cb2eaeb4cf4a0e0338b44e9ace3627117b5bf0d42460e9132f21b91
  languageName: node
  linkType: hard

"async@npm:1.2.0":
  version: 1.2.0
  resolution: "async@npm:1.2.0"
  checksum: 10c0/e7ba6ba46ce95b69281494839a6f12202c5decf428cd26820354a542de0b64b1755e3d82317483603ee65f594ca7c289f2b5464db5308f66ba1ca95cf740f066
  languageName: node
  linkType: hard

"asynckit@npm:^0.4.0":
  version: 0.4.0
  resolution: "asynckit@npm:0.4.0"
  checksum: 10c0/d73e2ddf20c4eb9337e1b3df1a0f6159481050a5de457c55b14ea2e5cb6d90bb69e004c9af54737a5ee0917fcf2c9e25de67777bbe58261847846066ba75bc9d
  languageName: node
  linkType: hard

"aws-sign2@npm:~0.7.0":
  version: 0.7.0
  resolution: "aws-sign2@npm:0.7.0"
  checksum: 10c0/021d2cc5547d4d9ef1633e0332e746a6f447997758b8b68d6fb33f290986872d2bff5f0c37d5832f41a7229361f093cd81c40898d96ed153493c0fb5cd8575d2
  languageName: node
  linkType: hard

"aws4@npm:^1.8.0":
  version: 1.13.2
  resolution: "aws4@npm:1.13.2"
  checksum: 10c0/c993d0d186d699f685d73113733695d648ec7d4b301aba2e2a559d0cd9c1c902308cc52f4095e1396b23fddbc35113644e7f0a6a32753636306e41e3ed6f1e79
  languageName: node
  linkType: hard

"balanced-match@npm:^1.0.0":
  version: 1.0.2
  resolution: "balanced-match@npm:1.0.2"
  checksum: 10c0/9308baf0a7e4838a82bbfd11e01b1cb0f0cf2893bc1676c27c2a8c0e70cbae1c59120c3268517a8ae7fb6376b4639ef81ca22582611dbee4ed28df945134aaee
  languageName: node
  linkType: hard

"bcrypt-pbkdf@npm:^1.0.0":
  version: 1.0.2
  resolution: "bcrypt-pbkdf@npm:1.0.2"
  dependencies:
    tweetnacl: "npm:^0.14.3"
  checksum: 10c0/ddfe85230b32df25aeebfdccfbc61d3bc493ace49c884c9c68575de1f5dcf733a5d7de9def3b0f318b786616b8d85bad50a28b1da1750c43e0012c93badcc148
  languageName: node
  linkType: hard

"bignumber.js@npm:^2.1.0":
  version: 2.4.0
  resolution: "bignumber.js@npm:2.4.0"
  checksum: 10c0/254648de38df34ca2dbeb6eb8a61d19b74c59afec4918455fc2e3de7e5327d9018ccfaa1825c27d0df12daa1c98e12b6fa679dfcf7acd0287016c4586a04a68a
  languageName: node
  linkType: hard

"bin-pack@npm:1.0.1":
  version: 1.0.1
  resolution: "bin-pack@npm:1.0.1"
  checksum: 10c0/4193b675e7114de3ffa42db048a52b6210a8f627d7839fb453885a5951368c1a51c6a93f08ce0e5c8c66bf09cf8dcbf2f760c5d3c29339a42f295a7edb760601
  languageName: node
  linkType: hard

"bmp-js@npm:0.0.1":
  version: 0.0.1
  resolution: "bmp-js@npm:0.0.1"
  checksum: 10c0/eafdb061aa9fd1eac3a3568f897329f1e57aa627f999b44c9374c4b6e17ec9883d76056a2859522ec3edae988fcaf7fbcd849606ceb6dff44d84a5d4b835bc33
  languageName: node
  linkType: hard

"brace-expansion@npm:^1.0.0":
  version: 1.1.11
  resolution: "brace-expansion@npm:1.1.11"
  dependencies:
    balanced-match: "npm:^1.0.0"
    concat-map: "npm:0.0.1"
  checksum: 10c0/695a56cd058096a7cb71fb09d9d6a7070113c7be516699ed361317aca2ec169f618e28b8af352e02ab4233fb54eb0168460a40dc320bab0034b36ab59aaad668
  languageName: node
  linkType: hard

"canvas@link:./.yarn/empty-package::locator=sprite%40workspace%3A.":
  version: 0.0.0-use.local
  resolution: "canvas@link:./.yarn/empty-package::locator=sprite%40workspace%3A."
  languageName: node
  linkType: soft

"caseless@npm:~0.12.0":
  version: 0.12.0
  resolution: "caseless@npm:0.12.0"
  checksum: 10c0/ccf64bcb6c0232cdc5b7bd91ddd06e23a4b541f138336d4725233ac538041fb2f29c2e86c3c4a7a61ef990b665348db23a047060b9414c3a6603e9fa61ad4626
  languageName: node
  linkType: hard

"color-convert@npm:^2.0.1":
  version: 2.0.1
  resolution: "color-convert@npm:2.0.1"
  dependencies:
    color-name: "npm:~1.1.4"
  checksum: 10c0/37e1150172f2e311fe1b2df62c6293a342ee7380da7b9cfdba67ea539909afbd74da27033208d01d6d5cfc65ee7868a22e18d7e7648e004425441c0f8a15a7d7
  languageName: node
  linkType: hard

"color-name@npm:^1.0.0, color-name@npm:~1.1.4":
  version: 1.1.4
  resolution: "color-name@npm:1.1.4"
  checksum: 10c0/a1a3f914156960902f46f7f56bc62effc6c94e84b2cae157a526b1c1f74b677a47ec602bf68a61abfa2b42d15b7c5651c6dbe72a43af720bc588dff885b10f95
  languageName: node
  linkType: hard

"color-string@npm:^1.9.0":
  version: 1.9.1
  resolution: "color-string@npm:1.9.1"
  dependencies:
    color-name: "npm:^1.0.0"
    simple-swizzle: "npm:^0.2.2"
  checksum: 10c0/b0bfd74c03b1f837f543898b512f5ea353f71630ccdd0d66f83028d1f0924a7d4272deb278b9aef376cacf1289b522ac3fb175e99895283645a2dc3a33af2404
  languageName: node
  linkType: hard

"color@npm:^4.2.3":
  version: 4.2.3
  resolution: "color@npm:4.2.3"
  dependencies:
    color-convert: "npm:^2.0.1"
    color-string: "npm:^1.9.0"
  checksum: 10c0/7fbe7cfb811054c808349de19fb380252e5e34e61d7d168ec3353e9e9aacb1802674bddc657682e4e9730c2786592a4de6f8283e7e0d3870b829bb0b7b2f6118
  languageName: node
  linkType: hard

"combined-stream@npm:^1.0.6, combined-stream@npm:~1.0.6":
  version: 1.0.8
  resolution: "combined-stream@npm:1.0.8"
  dependencies:
    delayed-stream: "npm:~1.0.0"
  checksum: 10c0/0dbb829577e1b1e839fa82b40c07ffaf7de8a09b935cadd355a73652ae70a88b4320db322f6634a4ad93424292fa80973ac6480986247f1734a1137debf271d5
  languageName: node
  linkType: hard

"concat-map@npm:0.0.1":
  version: 0.0.1
  resolution: "concat-map@npm:0.0.1"
  checksum: 10c0/c996b1cfdf95b6c90fee4dae37e332c8b6eb7d106430c17d538034c0ad9a1630cb194d2ab37293b1bdd4d779494beee7786d586a50bd9376fd6f7bcc2bd4c98f
  languageName: node
  linkType: hard

"core-util-is@npm:1.0.2":
  version: 1.0.2
  resolution: "core-util-is@npm:1.0.2"
  checksum: 10c0/980a37a93956d0de8a828ce508f9b9e3317039d68922ca79995421944146700e4aaf490a6dbfebcb1c5292a7184600c7710b957d724be1e37b8254c6bc0fe246
  languageName: node
  linkType: hard

"dashdash@npm:^1.12.0":
  version: 1.14.1
  resolution: "dashdash@npm:1.14.1"
  dependencies:
    assert-plus: "npm:^1.0.0"
  checksum: 10c0/64589a15c5bd01fa41ff7007e0f2c6552c5ef2028075daa16b188a3721f4ba001841bf306dfc2eee6e2e6e7f76b38f5f17fb21fa847504192290ffa9e150118a
  languageName: node
  linkType: hard

"debug@npm:~2.2.0":
  version: 2.2.0
  resolution: "debug@npm:2.2.0"
  dependencies:
    ms: "npm:0.7.1"
  checksum: 10c0/d24d6200c9d9bef20e1dcb823a9895193a45c39505606468735f387bdd850a21baf4c7841df1787f9a02596cbf0f111d60726ba3fa7511e22198b91b33440fe9
  languageName: node
  linkType: hard

"delayed-stream@npm:~1.0.0":
  version: 1.0.0
  resolution: "delayed-stream@npm:1.0.0"
  checksum: 10c0/d758899da03392e6712f042bec80aa293bbe9e9ff1b2634baae6a360113e708b91326594c8a486d475c69d6259afb7efacdc3537bfcda1c6c648e390ce601b19
  languageName: node
  linkType: hard

"detect-libc@npm:^2.0.4":
  version: 2.0.4
  resolution: "detect-libc@npm:2.0.4"
  checksum: 10c0/c15541f836eba4b1f521e4eecc28eefefdbc10a94d3b8cb4c507689f332cc111babb95deda66f2de050b22122113189986d5190be97d51b5a2b23b938415e67c
  languageName: node
  linkType: hard

"ecc-jsbn@npm:~0.1.1":
  version: 0.1.2
  resolution: "ecc-jsbn@npm:0.1.2"
  dependencies:
    jsbn: "npm:~0.1.0"
    safer-buffer: "npm:^2.1.0"
  checksum: 10c0/6cf168bae1e2dad2e46561d9af9cbabfbf5ff592176ad4e9f0f41eaaf5fe5e10bb58147fe0a804de62b1ee9dad42c28810c88d652b21b6013c47ba8efa274ca1
  languageName: node
  linkType: hard

"es6-promise@npm:^3.0.2":
  version: 3.3.1
  resolution: "es6-promise@npm:3.3.1"
  checksum: 10c0/b4fc87cb8509c001f62f860f97b05d1fd3f87220c8b832578e6a483c719ca272b73a77f2231cb26395fa865e1cab2fd4298ab67786b69e97b8d757b938f4fc1f
  languageName: node
  linkType: hard

"exif-parser@npm:^0.1.9":
  version: 0.1.12
  resolution: "exif-parser@npm:0.1.12"
  checksum: 10c0/ef1df84edbba50621fcfe19510c8db3ddd9e7fb374459d3f77c9256c24584767c7fb4cf1b15aef46e87a06528d3c48e44de02cecc314656d22a5cf954a0e7192
  languageName: node
  linkType: hard

"extend@npm:~3.0.2":
  version: 3.0.2
  resolution: "extend@npm:3.0.2"
  checksum: 10c0/73bf6e27406e80aa3e85b0d1c4fd987261e628064e170ca781125c0b635a3dabad5e05adbf07595ea0cf1e6c5396cacb214af933da7cbaf24fe75ff14818e8f9
  languageName: node
  linkType: hard

"extsprintf@npm:1.3.0":
  version: 1.3.0
  resolution: "extsprintf@npm:1.3.0"
  checksum: 10c0/f75114a8388f0cbce68e277b6495dc3930db4dde1611072e4a140c24e204affd77320d004b947a132e9a3b97b8253017b2b62dce661975fb0adced707abf1ab5
  languageName: node
  linkType: hard

"extsprintf@npm:^1.2.0":
  version: 1.4.1
  resolution: "extsprintf@npm:1.4.1"
  checksum: 10c0/e10e2769985d0e9b6c7199b053a9957589d02e84de42832c295798cb422a025e6d4a92e0259c1fb4d07090f5bfde6b55fd9f880ac5855bd61d775f8ab75a7ab0
  languageName: node
  linkType: hard

"fast-deep-equal@npm:^3.1.1":
  version: 3.1.3
  resolution: "fast-deep-equal@npm:3.1.3"
  checksum: 10c0/40dedc862eb8992c54579c66d914635afbec43350afbbe991235fdcb4e3a8d5af1b23ae7e79bef7d4882d0ecee06c3197488026998fb19f72dc95acff1d1b1d0
  languageName: node
  linkType: hard

"fast-json-stable-stringify@npm:^2.0.0":
  version: 2.1.0
  resolution: "fast-json-stable-stringify@npm:2.1.0"
  checksum: 10c0/7f081eb0b8a64e0057b3bb03f974b3ef00135fbf36c1c710895cd9300f13c94ba809bb3a81cf4e1b03f6e5285610a61abbd7602d0652de423144dfee5a389c9b
  languageName: node
  linkType: hard

"fdir@npm:^6.4.4":
  version: 6.4.5
  resolution: "fdir@npm:6.4.5"
  peerDependencies:
    picomatch: ^3 || ^4
  peerDependenciesMeta:
    picomatch:
      optional: true
  checksum: 10c0/5d63330a1b97165e9b0fb20369fafc7cf826bc4b3e374efcb650bc77d7145ac01193b5da1a7591eab89ae6fd6b15cdd414085910b2a2b42296b1480c9f2677af
  languageName: node
  linkType: hard

"file-type@npm:^3.1.0":
  version: 3.9.0
  resolution: "file-type@npm:3.9.0"
  checksum: 10c0/7ae074b350c2300807a99d428600a8ee6b2ace901400898706a20ddc2c43c9abb7e05177ff55ed67a2fd26dfa9b91857b21ec9c0ab3202b9cabebc7e65900240
  languageName: node
  linkType: hard

"forever-agent@npm:~0.6.1":
  version: 0.6.1
  resolution: "forever-agent@npm:0.6.1"
  checksum: 10c0/364f7f5f7d93ab661455351ce116a67877b66f59aca199559a999bd39e3cfadbfbfacc10415a915255e2210b30c23febe9aec3ca16bf2d1ff11c935a1000e24c
  languageName: node
  linkType: hard

"form-data@npm:~2.3.2":
  version: 2.3.3
  resolution: "form-data@npm:2.3.3"
  dependencies:
    asynckit: "npm:^0.4.0"
    combined-stream: "npm:^1.0.6"
    mime-types: "npm:^2.1.12"
  checksum: 10c0/706ef1e5649286b6a61e5bb87993a9842807fd8f149cd2548ee807ea4fb882247bdf7f6e64ac4720029c0cd5c80343de0e22eee1dc9e9882e12db9cc7bc016a4
  languageName: node
  linkType: hard

"getpass@npm:^0.1.1":
  version: 0.1.7
  resolution: "getpass@npm:0.1.7"
  dependencies:
    assert-plus: "npm:^1.0.0"
  checksum: 10c0/c13f8530ecf16fc509f3fa5cd8dd2129ffa5d0c7ccdf5728b6022d52954c2d24be3706b4cdf15333eec52f1fbb43feb70a01dabc639d1d10071e371da8aaa52f
  languageName: node
  linkType: hard

"glob@npm:5.0.10":
  version: 5.0.10
  resolution: "glob@npm:5.0.10"
  dependencies:
    inflight: "npm:^1.0.4"
    inherits: "npm:2"
    minimatch: "npm:^2.0.1"
    once: "npm:^1.3.0"
    path-is-absolute: "npm:^1.0.0"
  checksum: 10c0/02ddd5c6745e9ce68a1bf988c34421a37f4440e4beba2b187e7eafb0423dbf1daf30d56ab1ea358854659bb641b696baeadf084741f444ce369b22bf104703d4
  languageName: node
  linkType: hard

"gm@npm:1.22.0":
  version: 1.22.0
  resolution: "gm@npm:1.22.0"
  dependencies:
    array-parallel: "npm:~0.1.3"
    array-series: "npm:~0.1.5"
    debug: "npm:~2.2.0"
  checksum: 10c0/aa8b8fff3ae68d48366494df8cd435448a9612232f7a504f065d2b8680b687c0022ab5b5a5553c8a6dd10cbaa66bdf5cb731d06a743437230822e7532056592a
  languageName: node
  linkType: hard

"har-schema@npm:^2.0.0":
  version: 2.0.0
  resolution: "har-schema@npm:2.0.0"
  checksum: 10c0/3856cb76152658e0002b9c2b45b4360bb26b3e832c823caed8fcf39a01096030bf09fa5685c0f7b0f2cb3ecba6e9dce17edaf28b64a423d6201092e6be56e592
  languageName: node
  linkType: hard

"har-validator@npm:~5.1.3":
  version: 5.1.5
  resolution: "har-validator@npm:5.1.5"
  dependencies:
    ajv: "npm:^6.12.3"
    har-schema: "npm:^2.0.0"
  checksum: 10c0/f1d606eb1021839e3a905be5ef7cca81c2256a6be0748efb8fefc14312214f9e6c15d7f2eaf37514104071207d84f627b68bb9f6178703da4e06fbd1a0649a5e
  languageName: node
  linkType: hard

"http-signature@npm:~1.2.0":
  version: 1.2.0
  resolution: "http-signature@npm:1.2.0"
  dependencies:
    assert-plus: "npm:^1.0.0"
    jsprim: "npm:^1.2.2"
    sshpk: "npm:^1.7.0"
  checksum: 10c0/582f7af7f354429e1fb19b3bbb9d35520843c69bb30a25b88ca3c5c2c10715f20ae7924e20cffbed220b1d3a726ef4fe8ccc48568d5744db87be9a79887d6733
  languageName: node
  linkType: hard

"inflight@npm:^1.0.4":
  version: 1.0.6
  resolution: "inflight@npm:1.0.6"
  dependencies:
    once: "npm:^1.3.0"
    wrappy: "npm:1"
  checksum: 10c0/7faca22584600a9dc5b9fca2cd5feb7135ac8c935449837b315676b4c90aa4f391ec4f42240178244b5a34e8bede1948627fda392ca3191522fc46b34e985ab2
  languageName: node
  linkType: hard

"inherits@npm:2":
  version: 2.0.4
  resolution: "inherits@npm:2.0.4"
  checksum: 10c0/4e531f648b29039fb7426fb94075e6545faa1eb9fe83c29f0b6d9e7263aceb4289d2d4557db0d428188eeb449cc7c5e77b0a0b2c4e248ff2a65933a0dee49ef2
  languageName: node
  linkType: hard

"ip-regex@npm:^1.0.1":
  version: 1.0.3
  resolution: "ip-regex@npm:1.0.3"
  checksum: 10c0/cdf49cc34c77f59b9891f1de65f31531e5c40f1d03c967b17c4d8268cc9775c9102559dd8a3b0e30331cb666b69906fa5565174797732ef156cc967ef469d36c
  languageName: node
  linkType: hard

"is-arrayish@npm:^0.3.1":
  version: 0.3.2
  resolution: "is-arrayish@npm:0.3.2"
  checksum: 10c0/f59b43dc1d129edb6f0e282595e56477f98c40278a2acdc8b0a5c57097c9eff8fe55470493df5775478cf32a4dc8eaf6d3a749f07ceee5bc263a78b2434f6a54
  languageName: node
  linkType: hard

"is-typedarray@npm:~1.0.0":
  version: 1.0.0
  resolution: "is-typedarray@npm:1.0.0"
  checksum: 10c0/4c096275ba041a17a13cca33ac21c16bc4fd2d7d7eb94525e7cd2c2f2c1a3ab956e37622290642501ff4310601e413b675cf399ad6db49855527d2163b3eeeec
  languageName: node
  linkType: hard

"isstream@npm:~0.1.2":
  version: 0.1.2
  resolution: "isstream@npm:0.1.2"
  checksum: 10c0/a6686a878735ca0a48e0d674dd6d8ad31aedfaf70f07920da16ceadc7577b46d67179a60b313f2e6860cb097a2c2eb3cbd0b89e921ae89199a59a17c3273d66f
  languageName: node
  linkType: hard

"jimp@npm:0.2.21":
  version: 0.2.21
  resolution: "jimp@npm:0.2.21"
  dependencies:
    bignumber.js: "npm:^2.1.0"
    bmp-js: "npm:0.0.1"
    es6-promise: "npm:^3.0.2"
    exif-parser: "npm:^0.1.9"
    file-type: "npm:^3.1.0"
    jpeg-js: "npm:^0.1.1"
    mime: "npm:^1.3.4"
    pixelmatch: "npm:^4.0.0"
    pngjs: "npm:^2.1.0"
    read-chunk: "npm:^1.0.1"
    request: "npm:^2.65.0"
    stream-to-buffer: "npm:^0.1.0"
    tinycolor2: "npm:^1.1.2"
    url-regex: "npm:^3.0.0"
  checksum: 10c0/b82cd3215e533d293544d57b0f98723826b808ebc0d6617e18e72c250fd4a0f2953cf354fb521dcc0a473094149da6cb4fcc953ad924f158c95f9e92f1b1ffba
  languageName: node
  linkType: hard

"jpeg-js@npm:^0.1.1":
  version: 0.1.2
  resolution: "jpeg-js@npm:0.1.2"
  checksum: 10c0/9985a222eeee711e1477f8cfa8635ab744a6e1e0530d9b0fd51be531de437c8d63aefa69bab52d7f7e4363866e4d41acfa1332a3541fcff8c661af8f5a652c43
  languageName: node
  linkType: hard

"jsbn@npm:~0.1.0":
  version: 0.1.1
  resolution: "jsbn@npm:0.1.1"
  checksum: 10c0/e046e05c59ff880ee4ef68902dbdcb6d2f3c5d60c357d4d68647dc23add556c31c0e5f41bdb7e69e793dd63468bd9e085da3636341048ef577b18f5b713877c0
  languageName: node
  linkType: hard

"json-schema-traverse@npm:^0.4.1":
  version: 0.4.1
  resolution: "json-schema-traverse@npm:0.4.1"
  checksum: 10c0/108fa90d4cc6f08243aedc6da16c408daf81793bf903e9fd5ab21983cda433d5d2da49e40711da016289465ec2e62e0324dcdfbc06275a607fe3233fde4942ce
  languageName: node
  linkType: hard

"json-schema@npm:0.4.0":
  version: 0.4.0
  resolution: "json-schema@npm:0.4.0"
  checksum: 10c0/d4a637ec1d83544857c1c163232f3da46912e971d5bf054ba44fdb88f07d8d359a462b4aec46f2745efbc57053365608d88bc1d7b1729f7b4fc3369765639ed3
  languageName: node
  linkType: hard

"json-stringify-safe@npm:~5.0.1":
  version: 5.0.1
  resolution: "json-stringify-safe@npm:5.0.1"
  checksum: 10c0/7dbf35cd0411d1d648dceb6d59ce5857ec939e52e4afc37601aa3da611f0987d5cee5b38d58329ceddf3ed48bd7215229c8d52059ab01f2444a338bf24ed0f37
  languageName: node
  linkType: hard

"jsprim@npm:^1.2.2":
  version: 1.4.2
  resolution: "jsprim@npm:1.4.2"
  dependencies:
    assert-plus: "npm:1.0.0"
    extsprintf: "npm:1.3.0"
    json-schema: "npm:0.4.0"
    verror: "npm:1.10.0"
  checksum: 10c0/5e4bca99e90727c2040eb4c2190d0ef1fe51798ed5714e87b841d304526190d960f9772acc7108fa1416b61e1122bcd60e4460c91793dce0835df5852aab55af
  languageName: node
  linkType: hard

"mime-db@npm:1.52.0":
  version: 1.52.0
  resolution: "mime-db@npm:1.52.0"
  checksum: 10c0/0557a01deebf45ac5f5777fe7740b2a5c309c6d62d40ceab4e23da9f821899ce7a900b7ac8157d4548ddbb7beffe9abc621250e6d182b0397ec7f10c7b91a5aa
  languageName: node
  linkType: hard

"mime-types@npm:^2.1.12, mime-types@npm:~2.1.19":
  version: 2.1.35
  resolution: "mime-types@npm:2.1.35"
  dependencies:
    mime-db: "npm:1.52.0"
  checksum: 10c0/82fb07ec56d8ff1fc999a84f2f217aa46cb6ed1033fefaabd5785b9a974ed225c90dc72fff460259e66b95b73648596dbcc50d51ed69cdf464af2d237d3149b2
  languageName: node
  linkType: hard

"mime@npm:^1.3.4":
  version: 1.6.0
  resolution: "mime@npm:1.6.0"
  bin:
    mime: cli.js
  checksum: 10c0/b92cd0adc44888c7135a185bfd0dddc42c32606401c72896a842ae15da71eb88858f17669af41e498b463cd7eb998f7b48939a25b08374c7924a9c8a6f8a81b0
  languageName: node
  linkType: hard

"minimatch@npm:^2.0.1":
  version: 2.0.10
  resolution: "minimatch@npm:2.0.10"
  dependencies:
    brace-expansion: "npm:^1.0.0"
  checksum: 10c0/82380832ff91278fb961a8e51cc5f53728e76fef8d2842f2593a3d32daebb62b36a3003b453e50cd51d7eafe9e155398d4feaa0162ef945d2c81d2d801b589e4
  languageName: node
  linkType: hard

"minimist@npm:0.0.8":
  version: 0.0.8
  resolution: "minimist@npm:0.0.8"
  checksum: 10c0/d0a998c3042922dbcd5f23566b52811d6977649ad089fd75dd89e8a9bff27634194900818b2dfb1b873f204edb902d0c8cdea9cb8dca8488b301f69bd522d5dc
  languageName: node
  linkType: hard

"mkdirp@npm:0.5.1":
  version: 0.5.1
  resolution: "mkdirp@npm:0.5.1"
  dependencies:
    minimist: "npm:0.0.8"
  bin:
    mkdirp: bin/cmd.js
  checksum: 10c0/e5ff572d761240a06dbfc69e1ea303d5482815a1f66033b999bd9d78583fcdc9ef63e99e61d396bbd57eca45b388af80a7f7f35f63510619c991c9d44c75341c
  languageName: node
  linkType: hard

"mock-fs@npm:^5.5.0":
  version: 5.5.0
  resolution: "mock-fs@npm:5.5.0"
  checksum: 10c0/56539c9ab1d29b72c4b3b54f003808c7c51e5c82454a80fc46fd811f40401652da32412bbf26daa4eabff0e44a08eeafbeb6c885c60c1111b5429a4279efbda4
  languageName: node
  linkType: hard

"ms@npm:0.7.1":
  version: 0.7.1
  resolution: "ms@npm:0.7.1"
  checksum: 10c0/caeb29c1eef02d38f03781d1937a59ddef897be8686c146507a9d33cda7fa4de678d0c6091f8ce7e45bf35585e655d398d9d5103e5197fd919643c46356887cc
  languageName: node
  linkType: hard

"node-sprite-generator@npm:^0.10.2":
  version: 0.10.2
  resolution: "node-sprite-generator@npm:0.10.2"
  dependencies:
    async: "npm:1.2.0"
    bin-pack: "npm:1.0.1"
    canvas: "npm:1.3.12"
    glob: "npm:5.0.10"
    gm: "npm:1.22.0"
    jimp: "npm:0.2.21"
    mkdirp: "npm:0.5.1"
    underscore: "npm:1.8.3"
  dependenciesMeta:
    canvas:
      optional: true
    gm:
      optional: true
  checksum: 10c0/86c5f9ae72ddc5f0c3ed2f7044b581e81ddb03cfa2fbb58d916a36d0bc3a1b0b8831c66e9df43904911eeca9a2fc399347d6ebe01ea4b94001dea7b31a2ebf5f
  languageName: node
  linkType: hard

"oauth-sign@npm:~0.9.0":
  version: 0.9.0
  resolution: "oauth-sign@npm:0.9.0"
  checksum: 10c0/fc92a516f6ddbb2699089a2748b04f55c47b6ead55a77cd3a2cbbce5f7af86164cb9425f9ae19acfd066f1ad7d3a96a67b8928c6ea946426f6d6c29e448497c2
  languageName: node
  linkType: hard

"once@npm:^1.3.0":
  version: 1.4.0
  resolution: "once@npm:1.4.0"
  dependencies:
    wrappy: "npm:1"
  checksum: 10c0/5d48aca287dfefabd756621c5dfce5c91a549a93e9fdb7b8246bc4c4790aa2ec17b34a260530474635147aeb631a2dcc8b32c613df0675f96041cbb8244517d0
  languageName: node
  linkType: hard

"path-is-absolute@npm:^1.0.0":
  version: 1.0.1
  resolution: "path-is-absolute@npm:1.0.1"
  checksum: 10c0/127da03c82172a2a50099cddbf02510c1791fc2cc5f7713ddb613a56838db1e8168b121a920079d052e0936c23005562059756d653b7c544c53185efe53be078
  languageName: node
  linkType: hard

"performance-now@npm:^2.1.0":
  version: 2.1.0
  resolution: "performance-now@npm:2.1.0"
  checksum: 10c0/22c54de06f269e29f640e0e075207af57de5052a3d15e360c09b9a8663f393f6f45902006c1e71aa8a5a1cdfb1a47fe268826f8496d6425c362f00f5bc3e85d9
  languageName: node
  linkType: hard

"picomatch@npm:^4.0.2":
  version: 4.0.2
  resolution: "picomatch@npm:4.0.2"
  checksum: 10c0/7c51f3ad2bb42c776f49ebf964c644958158be30d0a510efd5a395e8d49cb5acfed5b82c0c5b365523ce18e6ab85013c9ebe574f60305892ec3fa8eee8304ccc
  languageName: node
  linkType: hard

"pixelmatch@npm:^4.0.0":
  version: 4.0.2
  resolution: "pixelmatch@npm:4.0.2"
  dependencies:
    pngjs: "npm:^3.0.0"
  bin:
    pixelmatch: bin/pixelmatch
  checksum: 10c0/81fee4a8f3f8d462ada5fc7809399384f99c137fa44974e9eddd52dcd0f0d5838387e2c4cd2397f6adbbc2a6728688ff6124faf0091a1c776d57277f9d42e9fa
  languageName: node
  linkType: hard

"pngjs@npm:^2.1.0":
  version: 2.3.1
  resolution: "pngjs@npm:2.3.1"
  checksum: 10c0/4734034dce3e72ef0fa7768a064e5ce6b7f02bcbcbe24dd0b5dc522ba22d90fd16fbcde6bc0703b95508fbd0495793a1c04544830699cc7523b05c10ab70ac17
  languageName: node
  linkType: hard

"pngjs@npm:^3.0.0":
  version: 3.4.0
  resolution: "pngjs@npm:3.4.0"
  checksum: 10c0/88ee73e2ad3f736e0b2573722309eb80bd2aa28916f0862379b4fd0f904751b4f61bb6bd1ecd7d4242d331f2b5c28c13309dd4b7d89a9b78306e35122fdc5011
  languageName: node
  linkType: hard

"psl@npm:^1.1.28":
  version: 1.15.0
  resolution: "psl@npm:1.15.0"
  dependencies:
    punycode: "npm:^2.3.1"
  checksum: 10c0/d8d45a99e4ca62ca12ac3c373e63d80d2368d38892daa40cfddaa1eb908be98cd549ac059783ef3a56cfd96d57ae8e2fd9ae53d1378d90d42bc661ff924e102a
  languageName: node
  linkType: hard

"punycode@npm:^2.1.0, punycode@npm:^2.1.1, punycode@npm:^2.3.1":
  version: 2.3.1
  resolution: "punycode@npm:2.3.1"
  checksum: 10c0/14f76a8206bc3464f794fb2e3d3cc665ae416c01893ad7a02b23766eb07159144ee612ad67af5e84fa4479ccfe67678c4feb126b0485651b302babf66f04f9e9
  languageName: node
  linkType: hard

"qs@npm:~6.5.2":
  version: 6.5.3
  resolution: "qs@npm:6.5.3"
  checksum: 10c0/6631d4f2fa9d315e480662646745a4aa3a708817fbffe2cbdacec8ab9be130f92740c66191770fe9b704bc5fa9c1cc1f6596f55ad132fef7bd3ad1582f199eb0
  languageName: node
  linkType: hard

"read-chunk@npm:^1.0.1":
  version: 1.0.1
  resolution: "read-chunk@npm:1.0.1"
  checksum: 10c0/32b4a642f8734415571984fcd5db5731e0222db93ab96722e156ad6333590d53f50d08a6dbb74fa335a0024b23ccb5a597f2bad709cf78f01288f9bab1784adf
  languageName: node
  linkType: hard

"request@npm:^2.65.0":
  version: 2.88.2
  resolution: "request@npm:2.88.2"
  dependencies:
    aws-sign2: "npm:~0.7.0"
    aws4: "npm:^1.8.0"
    caseless: "npm:~0.12.0"
    combined-stream: "npm:~1.0.6"
    extend: "npm:~3.0.2"
    forever-agent: "npm:~0.6.1"
    form-data: "npm:~2.3.2"
    har-validator: "npm:~5.1.3"
    http-signature: "npm:~1.2.0"
    is-typedarray: "npm:~1.0.0"
    isstream: "npm:~0.1.2"
    json-stringify-safe: "npm:~5.0.1"
    mime-types: "npm:~2.1.19"
    oauth-sign: "npm:~0.9.0"
    performance-now: "npm:^2.1.0"
    qs: "npm:~6.5.2"
    safe-buffer: "npm:^5.1.2"
    tough-cookie: "npm:~2.5.0"
    tunnel-agent: "npm:^0.6.0"
    uuid: "npm:^3.3.2"
  checksum: 10c0/0ec66e7af1391e51ad231de3b1c6c6aef3ebd0a238aa50d4191c7a792dcdb14920eea8d570c702dc5682f276fe569d176f9b8ebc6031a3cf4a630a691a431a63
  languageName: node
  linkType: hard

"safe-buffer@npm:^5.0.1, safe-buffer@npm:^5.1.2":
  version: 5.2.1
  resolution: "safe-buffer@npm:5.2.1"
  checksum: 10c0/6501914237c0a86e9675d4e51d89ca3c21ffd6a31642efeba25ad65720bce6921c9e7e974e5be91a786b25aa058b5303285d3c15dbabf983a919f5f630d349f3
  languageName: node
  linkType: hard

"safer-buffer@npm:^2.0.2, safer-buffer@npm:^2.1.0, safer-buffer@npm:~2.1.0":
  version: 2.1.2
  resolution: "safer-buffer@npm:2.1.2"
  checksum: 10c0/7e3c8b2e88a1841c9671094bbaeebd94448111dd90a81a1f606f3f67708a6ec57763b3b47f06da09fc6054193e0e6709e77325415dc8422b04497a8070fa02d4
  languageName: node
  linkType: hard

"semver@npm:^7.7.2":
  version: 7.7.2
  resolution: "semver@npm:7.7.2"
  bin:
    semver: bin/semver.js
  checksum: 10c0/aca305edfbf2383c22571cb7714f48cadc7ac95371b4b52362fb8eeffdfbc0de0669368b82b2b15978f8848f01d7114da65697e56cd8c37b0dab8c58e543f9ea
  languageName: node
  linkType: hard

"sharp@npm:^0.34.2":
  version: 0.34.2
  resolution: "sharp@npm:0.34.2"
  dependencies:
    "@img/sharp-darwin-arm64": "npm:0.34.2"
    "@img/sharp-darwin-x64": "npm:0.34.2"
    "@img/sharp-libvips-darwin-arm64": "npm:1.1.0"
    "@img/sharp-libvips-darwin-x64": "npm:1.1.0"
    "@img/sharp-libvips-linux-arm": "npm:1.1.0"
    "@img/sharp-libvips-linux-arm64": "npm:1.1.0"
    "@img/sharp-libvips-linux-ppc64": "npm:1.1.0"
    "@img/sharp-libvips-linux-s390x": "npm:1.1.0"
    "@img/sharp-libvips-linux-x64": "npm:1.1.0"
    "@img/sharp-libvips-linuxmusl-arm64": "npm:1.1.0"
    "@img/sharp-libvips-linuxmusl-x64": "npm:1.1.0"
    "@img/sharp-linux-arm": "npm:0.34.2"
    "@img/sharp-linux-arm64": "npm:0.34.2"
    "@img/sharp-linux-s390x": "npm:0.34.2"
    "@img/sharp-linux-x64": "npm:0.34.2"
    "@img/sharp-linuxmusl-arm64": "npm:0.34.2"
    "@img/sharp-linuxmusl-x64": "npm:0.34.2"
    "@img/sharp-wasm32": "npm:0.34.2"
    "@img/sharp-win32-arm64": "npm:0.34.2"
    "@img/sharp-win32-ia32": "npm:0.34.2"
    "@img/sharp-win32-x64": "npm:0.34.2"
    color: "npm:^4.2.3"
    detect-libc: "npm:^2.0.4"
    semver: "npm:^7.7.2"
  dependenciesMeta:
    "@img/sharp-darwin-arm64":
      optional: true
    "@img/sharp-darwin-x64":
      optional: true
    "@img/sharp-libvips-darwin-arm64":
      optional: true
    "@img/sharp-libvips-darwin-x64":
      optional: true
    "@img/sharp-libvips-linux-arm":
      optional: true
    "@img/sharp-libvips-linux-arm64":
      optional: true
    "@img/sharp-libvips-linux-ppc64":
      optional: true
    "@img/sharp-libvips-linux-s390x":
      optional: true
    "@img/sharp-libvips-linux-x64":
      optional: true
    "@img/sharp-libvips-linuxmusl-arm64":
      optional: true
    "@img/sharp-libvips-linuxmusl-x64":
      optional: true
    "@img/sharp-linux-arm":
      optional: true
    "@img/sharp-linux-arm64":
      optional: true
    "@img/sharp-linux-s390x":
      optional: true
    "@img/sharp-linux-x64":
      optional: true
    "@img/sharp-linuxmusl-arm64":
      optional: true
    "@img/sharp-linuxmusl-x64":
      optional: true
    "@img/sharp-wasm32":
      optional: true
    "@img/sharp-win32-arm64":
      optional: true
    "@img/sharp-win32-ia32":
      optional: true
    "@img/sharp-win32-x64":
      optional: true
  checksum: 10c0/43967dbaaf1e1140a2f43b51d54762cc1bba01648392e355028568e4838833bf1abc2a96c09b893e6407b0c59a2c271d66e8d56a582aa6c951d476ab83a37fba
  languageName: node
  linkType: hard

"simple-swizzle@npm:^0.2.2":
  version: 0.2.2
  resolution: "simple-swizzle@npm:0.2.2"
  dependencies:
    is-arrayish: "npm:^0.3.1"
  checksum: 10c0/df5e4662a8c750bdba69af4e8263c5d96fe4cd0f9fe4bdfa3cbdeb45d2e869dff640beaaeb1ef0e99db4d8d2ec92f85508c269f50c972174851bc1ae5bd64308
  languageName: node
  linkType: hard

"sprite@workspace:.":
  version: 0.0.0-use.local
  resolution: "sprite@workspace:."
  dependencies:
    "@types/node-sprite-generator": "npm:^0.10.5"
    mock-fs: "npm:^5.5.0"
    node-sprite-generator: "npm:^0.10.2"
    sharp: "npm:^0.34.2"
    tinyglobby: "npm:^0.2.14"
  languageName: unknown
  linkType: soft

"sshpk@npm:^1.7.0":
  version: 1.18.0
  resolution: "sshpk@npm:1.18.0"
  dependencies:
    asn1: "npm:~0.2.3"
    assert-plus: "npm:^1.0.0"
    bcrypt-pbkdf: "npm:^1.0.0"
    dashdash: "npm:^1.12.0"
    ecc-jsbn: "npm:~0.1.1"
    getpass: "npm:^0.1.1"
    jsbn: "npm:~0.1.0"
    safer-buffer: "npm:^2.0.2"
    tweetnacl: "npm:~0.14.0"
  bin:
    sshpk-conv: bin/sshpk-conv
    sshpk-sign: bin/sshpk-sign
    sshpk-verify: bin/sshpk-verify
  checksum: 10c0/e516e34fa981cfceef45fd2e947772cc70dbd57523e5c608e2cd73752ba7f8a99a04df7c3ed751588e8d91956b6f16531590b35d3489980d1c54c38bebcd41b1
  languageName: node
  linkType: hard

"stream-to-buffer@npm:^0.1.0":
  version: 0.1.0
  resolution: "stream-to-buffer@npm:0.1.0"
  dependencies:
    stream-to: "npm:~0.2.0"
  checksum: 10c0/5c1ee64a8ad2c6d6eab87525e612278440d7e59c895e0334e02c8ed5fcd92e22dbe25ec4575c680d45cd2cfce3bf60d869e799500a41797398396cdce95c5c8d
  languageName: node
  linkType: hard

"stream-to@npm:~0.2.0":
  version: 0.2.2
  resolution: "stream-to@npm:0.2.2"
  checksum: 10c0/deea419ec155e1b6f0263cd96c7d6bd90ba713fa7e2ce44648a752b86a3035fc4caf556092859f9dcb0b1ec9d6fc8aa9a92bb030189ac42d8962f37fe65a23e7
  languageName: node
  linkType: hard

"tinycolor2@npm:^1.1.2":
  version: 1.6.0
  resolution: "tinycolor2@npm:1.6.0"
  checksum: 10c0/9aa79a36ba2c2a87cb221453465cabacd04b9e35f9694373e846fdc78b1c768110f81e581ea41440106c0f24d9a023891d0887e8075885e790ac40eb0e74a5c1
  languageName: node
  linkType: hard

"tinyglobby@npm:^0.2.14":
  version: 0.2.14
  resolution: "tinyglobby@npm:0.2.14"
  dependencies:
    fdir: "npm:^6.4.4"
    picomatch: "npm:^4.0.2"
  checksum: 10c0/f789ed6c924287a9b7d3612056ed0cda67306cd2c80c249fd280cf1504742b12583a2089b61f4abbd24605f390809017240e250241f09938054c9b363e51c0a6
  languageName: node
  linkType: hard

"tough-cookie@npm:~2.5.0":
  version: 2.5.0
  resolution: "tough-cookie@npm:2.5.0"
  dependencies:
    psl: "npm:^1.1.28"
    punycode: "npm:^2.1.1"
  checksum: 10c0/e1cadfb24d40d64ca16de05fa8192bc097b66aeeb2704199b055ff12f450e4f30c927ce250f53d01f39baad18e1c11d66f65e545c5c6269de4c366fafa4c0543
  languageName: node
  linkType: hard

"tslib@npm:^2.4.0":
  version: 2.8.1
  resolution: "tslib@npm:2.8.1"
  checksum: 10c0/9c4759110a19c53f992d9aae23aac5ced636e99887b51b9e61def52611732872ff7668757d4e4c61f19691e36f4da981cd9485e869b4a7408d689f6bf1f14e62
  languageName: node
  linkType: hard

"tunnel-agent@npm:^0.6.0":
  version: 0.6.0
  resolution: "tunnel-agent@npm:0.6.0"
  dependencies:
    safe-buffer: "npm:^5.0.1"
  checksum: 10c0/4c7a1b813e7beae66fdbf567a65ec6d46313643753d0beefb3c7973d66fcec3a1e7f39759f0a0b4465883499c6dc8b0750ab8b287399af2e583823e40410a17a
  languageName: node
  linkType: hard

"tweetnacl@npm:^0.14.3, tweetnacl@npm:~0.14.0":
  version: 0.14.5
  resolution: "tweetnacl@npm:0.14.5"
  checksum: 10c0/4612772653512c7bc19e61923fbf42903f5e0389ec76a4a1f17195859d114671ea4aa3b734c2029ce7e1fa7e5cc8b80580f67b071ecf0b46b5636d030a0102a2
  languageName: node
  linkType: hard

"underscore@npm:1.8.3":
  version: 1.8.3
  resolution: "underscore@npm:1.8.3"
  checksum: 10c0/b9f8c5756252e01c057859c4b0932dc0bea73122121bbe465f1e1fa975ca6c3b6a3c8b967b7918d374686f9f1beb96c0d5c5d52788fc1328992bff02dba3599c
  languageName: node
  linkType: hard

"undici-types@npm:~6.21.0":
  version: 6.21.0
  resolution: "undici-types@npm:6.21.0"
  checksum: 10c0/c01ed51829b10aa72fc3ce64b747f8e74ae9b60eafa19a7b46ef624403508a54c526ffab06a14a26b3120d055e1104d7abe7c9017e83ced038ea5cf52f8d5e04
  languageName: node
  linkType: hard

"uri-js@npm:^4.2.2":
  version: 4.4.1
  resolution: "uri-js@npm:4.4.1"
  dependencies:
    punycode: "npm:^2.1.0"
  checksum: 10c0/4ef57b45aa820d7ac6496e9208559986c665e49447cb072744c13b66925a362d96dd5a46c4530a6b8e203e5db5fe849369444440cb22ecfc26c679359e5dfa3c
  languageName: node
  linkType: hard

"url-regex@npm:^3.0.0":
  version: 3.2.0
  resolution: "url-regex@npm:3.2.0"
  dependencies:
    ip-regex: "npm:^1.0.1"
  checksum: 10c0/e555d20b418f3a544fe0214ceb7dcf418f9fc6c223ef4c7fd00bced8eb5c691fa6544a752822c5c1aee9300f1a73a0bc901208fc79103e83f33a552851442b10
  languageName: node
  linkType: hard

"uuid@npm:^3.3.2":
  version: 3.4.0
  resolution: "uuid@npm:3.4.0"
  bin:
    uuid: ./bin/uuid
  checksum: 10c0/1c13950df865c4f506ebfe0a24023571fa80edf2e62364297a537c80af09c618299797bbf2dbac6b1f8ae5ad182ba474b89db61e0e85839683991f7e08795347
  languageName: node
  linkType: hard

"verror@npm:1.10.0":
  version: 1.10.0
  resolution: "verror@npm:1.10.0"
  dependencies:
    assert-plus: "npm:^1.0.0"
    core-util-is: "npm:1.0.2"
    extsprintf: "npm:^1.2.0"
  checksum: 10c0/37ccdf8542b5863c525128908ac80f2b476eed36a32cb944de930ca1e2e78584cc435c4b9b4c68d0fc13a47b45ff364b4be43aa74f8804f9050140f660fb660d
  languageName: node
  linkType: hard

"wrappy@npm:1":
  version: 1.0.2
  resolution: "wrappy@npm:1.0.2"
  checksum: 10c0/56fece1a4018c6a6c8e28fbc88c87e0fbf4ea8fd64fc6c63b18f4acc4bd13e0ad2515189786dd2c30d3eec9663d70f4ecf699330002f8ccb547e4a18231fc9f0
  languageName: node
  linkType: hard
